
Microsoft Visual Studio Solution File, Format Version 12.00
# Visual Studio Version 17
VisualStudioVersion = 17.5.001.0
MinimumVisualStudioVersion = 10.0.40219.1
Project("{9A19103F-16F7-4668-BE54-9A1E7A4F7556}") = "Application.Tests", "Application.Tests.csproj", "{1B8C94EE-E631-4F31-8464-ADA1039BECFA}"
EndProject
Global
	GlobalSection(SolutionConfigurationPlatforms) = preSolution
		Debug|Any CPU = Debug|Any CPU
		Release|Any CPU = Release|Any CPU
	EndGlobalSection
	GlobalSection(ProjectConfigurationPlatforms) = postSolution
		{1B8C94EE-E631-4F31-8464-ADA1039BECFA}.Debug|Any CPU.ActiveCfg = Debug|Any CPU
		{1B8C94EE-E631-4F31-8464-ADA1039BECFA}.Debug|Any CPU.Build.0 = Debug|Any CPU
		{1B8C94EE-E631-4F31-8464-ADA1039BECFA}.Release|Any CPU.ActiveCfg = Release|Any CPU
		{1B8C94EE-E631-4F31-8464-ADA1039BECFA}.Release|Any CPU.Build.0 = Release|Any CPU
	EndGlobalSection
	GlobalSection(SolutionProperties) = preSolution
		HideSolutionNode = FALSE
	EndGlobalSection
	GlobalSection(ExtensibilityGlobals) = postSolution
		SolutionGuid = {AE4109F9-D75F-471C-9DE3-8E24C0E91F64}
	EndGlobalSection
EndGlobal
