
Microsoft Visual Studio Solution File, Format Version 12.00
# Visual Studio Version 17
VisualStudioVersion = 17.6.33829.357
MinimumVisualStudioVersion = 10.0.40219.1
Project("{2150E333-8FDC-42A3-9474-1A3956D46DE8}") = "src", "src", "{C2B919E5-18EE-4E74-A09F-4D54E5BE493D}"
EndProject
Project("{2150E333-8FDC-42A3-9474-1A3956D46DE8}") = "Core", "Core", "{AB80CACE-9E03-4584-8445-BB7D2FC85475}"
EndProject
Project("{2150E333-8FDC-42A3-9474-1A3956D46DE8}") = "UI", "UI", "{1C7E70EA-BC95-4611-B9E4-D497AFB326DD}"
EndProject
Project("{2150E333-8FDC-42A3-9474-1A3956D46DE8}") = "Infrastructure", "Infrastructure", "{A63DFDA1-2721-4E04-85BE-DE892F24A8D2}"
EndProject
Project("{2150E333-8FDC-42A3-9474-1A3956D46DE8}") = "API", "API", "{E80D3720-13AC-474E-9683-82A5D96056B1}"
EndProject
Project("{9A19103F-16F7-4668-BE54-9A1E7A4F7556}") = "SocialMediaApp.Application", "SocialMediaApp.Application\SocialMediaApp.Application.csproj", "{C7BD4B7B-CC95-43B2-A0E4-B62BD317E41C}"
EndProject
Project("{9A19103F-16F7-4668-BE54-9A1E7A4F7556}") = "SocialMediaApp.Domain", "SocialMediaApp.Domain\SocialMediaApp.Domain.csproj", "{F2550947-6575-4A7D-9DB0-47A8B01B3F31}"
EndProject
Project("{9A19103F-16F7-4668-BE54-9A1E7A4F7556}") = "SocialMediaApp.Infrastructure", "SocialMediaApp.Infrastructure\SocialMediaApp.Infrastructure.csproj", "{9A006017-A9D7-423A-81B0-CB0C3199AF28}"
EndProject
Project("{9A19103F-16F7-4668-BE54-9A1E7A4F7556}") = "SocialMediaApp.Persistence", "SocialMediaApp.Persistence\SocialMediaApp.Persistence.csproj", "{FB1B982C-CAED-4C14-A023-7E8604936282}"
EndProject
Project("{9A19103F-16F7-4668-BE54-9A1E7A4F7556}") = "SocialMediaApp.Api", "SocialMediaApp.Api\SocialMediaApp.Api.csproj", "{ECCCFE77-462D-4001-9B7E-E3B6D274667C}"
EndProject
Project("{2150E333-8FDC-42A3-9474-1A3956D46DE8}") = "test", "test", "{7C6F03AA-1437-4B5D-9F19-DBF9FBC0D841}"
EndProject
Project("{9A19103F-16F7-4668-BE54-9A1E7A4F7556}") = "test", "test\test.csproj", "{B7646FFD-C0EB-4F19-8C8F-4BDBE666D205}"
EndProject
Global
	GlobalSection(SolutionConfigurationPlatforms) = preSolution
		Debug|Any CPU = Debug|Any CPU
		Release|Any CPU = Release|Any CPU
	EndGlobalSection
	GlobalSection(ProjectConfigurationPlatforms) = postSolution
		{C7BD4B7B-CC95-43B2-A0E4-B62BD317E41C}.Debug|Any CPU.ActiveCfg = Debug|Any CPU
		{C7BD4B7B-CC95-43B2-A0E4-B62BD317E41C}.Debug|Any CPU.Build.0 = Debug|Any CPU
		{C7BD4B7B-CC95-43B2-A0E4-B62BD317E41C}.Release|Any CPU.ActiveCfg = Release|Any CPU
		{C7BD4B7B-CC95-43B2-A0E4-B62BD317E41C}.Release|Any CPU.Build.0 = Release|Any CPU
		{F2550947-6575-4A7D-9DB0-47A8B01B3F31}.Debug|Any CPU.ActiveCfg = Debug|Any CPU
		{F2550947-6575-4A7D-9DB0-47A8B01B3F31}.Debug|Any CPU.Build.0 = Debug|Any CPU
		{F2550947-6575-4A7D-9DB0-47A8B01B3F31}.Release|Any CPU.ActiveCfg = Release|Any CPU
		{F2550947-6575-4A7D-9DB0-47A8B01B3F31}.Release|Any CPU.Build.0 = Release|Any CPU
		{9A006017-A9D7-423A-81B0-CB0C3199AF28}.Debug|Any CPU.ActiveCfg = Debug|Any CPU
		{9A006017-A9D7-423A-81B0-CB0C3199AF28}.Debug|Any CPU.Build.0 = Debug|Any CPU
		{9A006017-A9D7-423A-81B0-CB0C3199AF28}.Release|Any CPU.ActiveCfg = Release|Any CPU
		{9A006017-A9D7-423A-81B0-CB0C3199AF28}.Release|Any CPU.Build.0 = Release|Any CPU
		{FB1B982C-CAED-4C14-A023-7E8604936282}.Debug|Any CPU.ActiveCfg = Debug|Any CPU
		{FB1B982C-CAED-4C14-A023-7E8604936282}.Debug|Any CPU.Build.0 = Debug|Any CPU
		{FB1B982C-CAED-4C14-A023-7E8604936282}.Release|Any CPU.ActiveCfg = Release|Any CPU
		{FB1B982C-CAED-4C14-A023-7E8604936282}.Release|Any CPU.Build.0 = Release|Any CPU
		{ECCCFE77-462D-4001-9B7E-E3B6D274667C}.Debug|Any CPU.ActiveCfg = Debug|Any CPU
		{ECCCFE77-462D-4001-9B7E-E3B6D274667C}.Debug|Any CPU.Build.0 = Debug|Any CPU
		{ECCCFE77-462D-4001-9B7E-E3B6D274667C}.Release|Any CPU.ActiveCfg = Release|Any CPU
		{ECCCFE77-462D-4001-9B7E-E3B6D274667C}.Release|Any CPU.Build.0 = Release|Any CPU
		{B7646FFD-C0EB-4F19-8C8F-4BDBE666D205}.Debug|Any CPU.ActiveCfg = Debug|Any CPU
		{B7646FFD-C0EB-4F19-8C8F-4BDBE666D205}.Debug|Any CPU.Build.0 = Debug|Any CPU
		{B7646FFD-C0EB-4F19-8C8F-4BDBE666D205}.Release|Any CPU.ActiveCfg = Release|Any CPU
		{B7646FFD-C0EB-4F19-8C8F-4BDBE666D205}.Release|Any CPU.Build.0 = Release|Any CPU
	EndGlobalSection
	GlobalSection(SolutionProperties) = preSolution
		HideSolutionNode = FALSE
	EndGlobalSection
	GlobalSection(NestedProjects) = preSolution
		{AB80CACE-9E03-4584-8445-BB7D2FC85475} = {C2B919E5-18EE-4E74-A09F-4D54E5BE493D}
		{1C7E70EA-BC95-4611-B9E4-D497AFB326DD} = {C2B919E5-18EE-4E74-A09F-4D54E5BE493D}
		{A63DFDA1-2721-4E04-85BE-DE892F24A8D2} = {C2B919E5-18EE-4E74-A09F-4D54E5BE493D}
		{E80D3720-13AC-474E-9683-82A5D96056B1} = {C2B919E5-18EE-4E74-A09F-4D54E5BE493D}
		{C7BD4B7B-CC95-43B2-A0E4-B62BD317E41C} = {AB80CACE-9E03-4584-8445-BB7D2FC85475}
		{F2550947-6575-4A7D-9DB0-47A8B01B3F31} = {AB80CACE-9E03-4584-8445-BB7D2FC85475}
		{9A006017-A9D7-423A-81B0-CB0C3199AF28} = {A63DFDA1-2721-4E04-85BE-DE892F24A8D2}
		{FB1B982C-CAED-4C14-A023-7E8604936282} = {A63DFDA1-2721-4E04-85BE-DE892F24A8D2}
		{ECCCFE77-462D-4001-9B7E-E3B6D274667C} = {E80D3720-13AC-474E-9683-82A5D96056B1}
		{7C6F03AA-1437-4B5D-9F19-DBF9FBC0D841} = {C2B919E5-18EE-4E74-A09F-4D54E5BE493D}
		{B7646FFD-C0EB-4F19-8C8F-4BDBE666D205} = {7C6F03AA-1437-4B5D-9F19-DBF9FBC0D841}
	EndGlobalSection
	GlobalSection(ExtensibilityGlobals) = postSolution
		SolutionGuid = {C86977FF-8E8F-41EA-908C-77B45D84FC97}
	EndGlobalSection
EndGlobal
